
Microsoft Visual Studio Solution File, Format Version 12.00
Project("{FAE04EC0-301F-11D3-BF4B-00C04F79EFBC}") = "JGP.DotNetGPT", "JGP.DotNetGPT\JGP.DotNetGPT.csproj", "{91000FD4-EE48-45A6-B4FF-7D9E325FFBE1}"
EndProject
Project("{2150E333-8FDC-42A3-9474-1A3956D46DE8}") = "SolutionItems", "SolutionItems", "{D555ADA6-312E-43BA-9635-A604C34B8127}"
	ProjectSection(SolutionItems) = preProject
		.gitignore = .gitignore
		LICENSE = LICENSE
		README.md = README.md
		.github\workflows\nuget-build.yml = .github\workflows\nuget-build.yml
	EndProjectSection
EndProject
Global
	GlobalSection(SolutionConfigurationPlatforms) = preSolution
		Debug|Any CPU = Debug|Any CPU
		Release|Any CPU = Release|Any CPU
	EndGlobalSection
	GlobalSection(ProjectConfigurationPlatforms) = postSolution
		{91000FD4-EE48-45A6-B4FF-7D9E325FFBE1}.Debug|Any CPU.ActiveCfg = Debug|Any CPU
		{91000FD4-EE48-45A6-B4FF-7D9E325FFBE1}.Debug|Any CPU.Build.0 = Debug|Any CPU
		{91000FD4-EE48-45A6-B4FF-7D9E325FFBE1}.Release|Any CPU.ActiveCfg = Release|Any CPU
		{91000FD4-EE48-45A6-B4FF-7D9E325FFBE1}.Release|Any CPU.Build.0 = Release|Any CPU
	EndGlobalSection
EndGlobal
